
Microsoft Visual Studio Solution File, Format Version 12.00
# Visual Studio Version 17
VisualStudioVersion = 17.6.33723.286
MinimumVisualStudioVersion = 10.0.40219.1
Project("{9A19103F-16F7-4668-BE54-9A1E7A4F7556}") = "InjectionMachineModule", "InjectionMachineModule.csproj", "{C9470152-ABEF-4445-A0D6-B430F327E6A0}"
EndProject
Project("{9A19103F-16F7-4668-BE54-9A1E7A4F7556}") = "ManualTest", "..\ManualTest\ManualTest.csproj", "{4C0CEFAC-E95A-41A9-8825-1EEE45640BE9}"
EndProject
Global
	GlobalSection(SolutionConfigurationPlatforms) = preSolution
		Debug|Any CPU = Debug|Any CPU
		Release|Any CPU = Release|Any CPU
	EndGlobalSection
	GlobalSection(ProjectConfigurationPlatforms) = postSolution
		{C9470152-ABEF-4445-A0D6-B430F327E6A0}.Debug|Any CPU.ActiveCfg = Debug|Any CPU
		{C9470152-ABEF-4445-A0D6-B430F327E6A0}.Debug|Any CPU.Build.0 = Debug|Any CPU
		{C9470152-ABEF-4445-A0D6-B430F327E6A0}.Release|Any CPU.ActiveCfg = Release|Any CPU
		{C9470152-ABEF-4445-A0D6-B430F327E6A0}.Release|Any CPU.Build.0 = Release|Any CPU
		{4C0CEFAC-E95A-41A9-8825-1EEE45640BE9}.Debug|Any CPU.ActiveCfg = Debug|Any CPU
		{4C0CEFAC-E95A-41A9-8825-1EEE45640BE9}.Debug|Any CPU.Build.0 = Debug|Any CPU
		{4C0CEFAC-E95A-41A9-8825-1EEE45640BE9}.Release|Any CPU.ActiveCfg = Release|Any CPU
		{4C0CEFAC-E95A-41A9-8825-1EEE45640BE9}.Release|Any CPU.Build.0 = Release|Any CPU
	EndGlobalSection
	GlobalSection(SolutionProperties) = preSolution
		HideSolutionNode = FALSE
	EndGlobalSection
	GlobalSection(ExtensibilityGlobals) = postSolution
		SolutionGuid = {22081D11-AA87-4584-B5AB-154B07B888F9}
	EndGlobalSection
EndGlobal
